
Microsoft Visual Studio Solution File, Format Version 12.00
# Visual Studio Version 16
VisualStudioVersion = 16.0.30225.117
MinimumVisualStudioVersion = 10.0.40219.1
Project("{9A19103F-16F7-4668-BE54-9A1E7A4F7556}") = "BlazorServerRealtime.Application", "BlazorServerRealtime.Application\BlazorServerRealtime.Application.csproj", "{2165989B-AAB8-4CA7-9336-40EF51F2CDAD}"
EndProject
Project("{FAE04EC0-301F-11D3-BF4B-00C04F79EFBC}") = "BlazorServerRealtime.Services", "BlazorServerRealtime.Services\BlazorServerRealtime.Services.csproj", "{A40614D0-5806-499E-8A3E-9F3132B696D4}"
EndProject
Global
	GlobalSection(SolutionConfigurationPlatforms) = preSolution
		Debug|Any CPU = Debug|Any CPU
		Release|Any CPU = Release|Any CPU
	EndGlobalSection
	GlobalSection(ProjectConfigurationPlatforms) = postSolution
		{2165989B-AAB8-4CA7-9336-40EF51F2CDAD}.Debug|Any CPU.ActiveCfg = Debug|Any CPU
		{2165989B-AAB8-4CA7-9336-40EF51F2CDAD}.Debug|Any CPU.Build.0 = Debug|Any CPU
		{2165989B-AAB8-4CA7-9336-40EF51F2CDAD}.Release|Any CPU.ActiveCfg = Release|Any CPU
		{2165989B-AAB8-4CA7-9336-40EF51F2CDAD}.Release|Any CPU.Build.0 = Release|Any CPU
		{A40614D0-5806-499E-8A3E-9F3132B696D4}.Debug|Any CPU.ActiveCfg = Debug|Any CPU
		{A40614D0-5806-499E-8A3E-9F3132B696D4}.Debug|Any CPU.Build.0 = Debug|Any CPU
		{A40614D0-5806-499E-8A3E-9F3132B696D4}.Release|Any CPU.ActiveCfg = Release|Any CPU
		{A40614D0-5806-499E-8A3E-9F3132B696D4}.Release|Any CPU.Build.0 = Release|Any CPU
	EndGlobalSection
	GlobalSection(SolutionProperties) = preSolution
		HideSolutionNode = FALSE
	EndGlobalSection
	GlobalSection(ExtensibilityGlobals) = postSolution
		SolutionGuid = {A750F8FF-5AFC-4666-A945-0EE38D3A2AF7}
	EndGlobalSection
EndGlobal
